// !$*UTF8*$!
{
	archiveVersion = 1;
	classes = {
	};
	objectVersion = 77;
	objects = {

/* Begin PBXBuildFile section */
		C6D83F752D6E6B3F004222CA /* LaunchScreen.storyboard in Resources */ = {isa = PBXBuildFile; fileRef = C6D83F682D6E6B3F004222CA /* LaunchScreen.storyboard */; };
		C6D83F772D6E6B3F004222CA /* LICENSE in Resources */ = {isa = PBXBuildFile; fileRef = C6D83F702D6E6B3F004222CA /* LICENSE */; };
		C6D83F782D6E6B3F004222CA /* Main.storyboard in Resources */ = {isa = PBXBuildFile; fileRef = C6D83F6A2D6E6B3F004222CA /* Main.storyboard */; };
		C6D83F792D6E6B3F004222CA /* Podfile in Resources */ = {isa = PBXBuildFile; fileRef = C6D83F712D6E6B3F004222CA /* Podfile */; };
		C6D83F7B2D6E6B3F004222CA /* CoreFramework.podspec in Resources */ = {isa = PBXBuildFile; fileRef = C6D83F6E2D6E6B3F004222CA /* CoreFramework.podspec */; };
		C6D83F7D2D6E6B3F004222CA /* Colors.swift in Sources */ = {isa = PBXBuildFile; fileRef = C6D83F572D6E6B3F004222CA /* Colors.swift */; };
		C6D83F7E2D6E6B3F004222CA /* Text.swift in Sources */ = {isa = PBXBuildFile; fileRef = C6D83F5B2D6E6B3F004222CA /* Text.swift */; };
		C6D83F802D6E6B3F004222CA /* ViewController.swift in Sources */ = {isa = PBXBuildFile; fileRef = C6D83F6C2D6E6B3F004222CA /* ViewController.swift */; };
		C6D83F812D6E6B3F004222CA /* OnboardingView.swift in Sources */ = {isa = PBXBuildFile; fileRef = C6D83F5E2D6E6B3F004222CA /* OnboardingView.swift */; };
		C6D83F822D6E6B3F004222CA /* Metrics.swift in Sources */ = {isa = PBXBuildFile; fileRef = C6D83F592D6E6B3F004222CA /* Metrics.swift */; };
		C6D83F832D6E6B3F004222CA /* CoreFramework.docc in Sources */ = {isa = PBXBuildFile; fileRef = C6D83F622D6E6B3F004222CA /* CoreFramework.docc */; };
		C6D83FAD2D6E6C98004222CA /* CoreFramework in Frameworks */ = {isa = PBXBuildFile; fileRef = C6D83FAC2D6E6C98004222CA /* CoreFramework */; };
		C6D83FAE2D6E6C98004222CA /* CoreFramework in Embed Frameworks */ = {isa = PBXBuildFile; fileRef = C6D83FAC2D6E6C98004222CA /* CoreFramework */; settings = {ATTRIBUTES = (CodeSignOnCopy, ); }; };
/* End PBXBuildFile section */

/* Begin PBXCopyFilesBuildPhase section */
		C6D83EA72D6E678D004222CA /* Embed Frameworks */ = {
			isa = PBXCopyFilesBuildPhase;
			buildActionMask = 2147483647;
			dstPath = "";
			dstSubfolderSpec = 10;
			files = (
				C6D83FAE2D6E6C98004222CA /* CoreFramework in Embed Frameworks */,
			);
			name = "Embed Frameworks";
			runOnlyForDeploymentPostprocessing = 0;
		};
/* End PBXCopyFilesBuildPhase section */

/* Begin PBXFileReference section */
		C6D83F572D6E6B3F004222CA /* Colors.swift */ = {isa = PBXFileReference; lastKnownFileType = sourcecode.swift; path = Colors.swift; sourceTree = "<group>"; };
		C6D83F592D6E6B3F004222CA /* Metrics.swift */ = {isa = PBXFileReference; lastKnownFileType = sourcecode.swift; path = Metrics.swift; sourceTree = "<group>"; };
		C6D83F5B2D6E6B3F004222CA /* Text.swift */ = {isa = PBXFileReference; lastKnownFileType = sourcecode.swift; path = Text.swift; sourceTree = "<group>"; };
		C6D83F5E2D6E6B3F004222CA /* OnboardingView.swift */ = {isa = PBXFileReference; lastKnownFileType = sourcecode.swift; path = OnboardingView.swift; sourceTree = "<group>"; };
		C6D83F612D6E6B3F004222CA /* CoreFramework.h */ = {isa = PBXFileReference; lastKnownFileType = sourcecode.c.h; path = CoreFramework.h; sourceTree = "<group>"; };
		C6D83F622D6E6B3F004222CA /* CoreFramework.docc */ = {isa = PBXFileReference; lastKnownFileType = folder.documentationcatalog; path = CoreFramework.docc; sourceTree = "<group>"; };
		C6D83F642D6E6B3F004222CA /* AppDelegate.swift */ = {isa = PBXFileReference; lastKnownFileType = sourcecode.swift; path = AppDelegate.swift; sourceTree = "<group>"; };
		C6D83F652D6E6B3F004222CA /* Assets.xcassets */ = {isa = PBXFileReference; lastKnownFileType = folder.assetcatalog; path = Assets.xcassets; sourceTree = "<group>"; };
		C6D83F662D6E6B3F004222CA /* Info.plist */ = {isa = PBXFileReference; lastKnownFileType = text.plist.xml; path = Info.plist; sourceTree = "<group>"; };
		C6D83F672D6E6B3F004222CA /* Base */ = {isa = PBXFileReference; lastKnownFileType = file.storyboard; name = Base; path = Base.lproj/LaunchScreen.storyboard; sourceTree = "<group>"; };
		C6D83F692D6E6B3F004222CA /* Base */ = {isa = PBXFileReference; lastKnownFileType = file.storyboard; name = Base; path = Base.lproj/Main.storyboard; sourceTree = "<group>"; };
		C6D83F6B2D6E6B3F004222CA /* SceneDelegate.swift */ = {isa = PBXFileReference; lastKnownFileType = sourcecode.swift; path = SceneDelegate.swift; sourceTree = "<group>"; };
		C6D83F6C2D6E6B3F004222CA /* ViewController.swift */ = {isa = PBXFileReference; lastKnownFileType = sourcecode.swift; path = ViewController.swift; sourceTree = "<group>"; };
		C6D83F6E2D6E6B3F004222CA /* CoreFramework.podspec */ = {isa = PBXFileReference; lastKnownFileType = text; path = CoreFramework.podspec; sourceTree = "<group>"; };
		C6D83F6F2D6E6B3F004222CA /* CoreFramework.xcodeproj */ = {isa = PBXFileReference; lastKnownFileType = "wrapper.pb-project"; path = CoreFramework.xcodeproj; sourceTree = "<group>"; };
		C6D83F702D6E6B3F004222CA /* LICENSE */ = {isa = PBXFileReference; lastKnownFileType = text; path = LICENSE; sourceTree = "<group>"; };
		C6D83F712D6E6B3F004222CA /* Podfile */ = {isa = PBXFileReference; lastKnownFileType = text; path = Podfile; sourceTree = "<group>"; };
		C6D83FAC2D6E6C98004222CA /* CoreFramework */ = {isa = PBXFileReference; lastKnownFileType = "compiled.mach-o.dylib"; name = CoreFramework; path = "../../../../../../Library/Developer/Xcode/DerivedData/CoreFramework-esviugjmmnnyeqezjeucocwnybdc/Build/Products/Debug-iphonesimulator/CoreFramework.framework/CoreFramework"; sourceTree = "<group>"; };
		C6ED0E532D6E5779008F7D78 /* ExampleCore.app */ = {isa = PBXFileReference; explicitFileType = wrapper.application; includeInIndex = 0; path = ExampleCore.app; sourceTree = BUILT_PRODUCTS_DIR; };
/* End PBXFileReference section */

/* Begin PBXFileSystemSynchronizedBuildFileExceptionSet section */
		C6ED0E652D6E577A008F7D78 /* Exceptions for "ExampleCore" folder in "ExampleCore" target */ = {
			isa = PBXFileSystemSynchronizedBuildFileExceptionSet;
			membershipExceptions = (
				Info.plist,
			);
			target = C6ED0E522D6E5779008F7D78 /* ExampleCore */;
		};
/* End PBXFileSystemSynchronizedBuildFileExceptionSet section */

/* Begin PBXFileSystemSynchronizedRootGroup section */
		C6ED0E552D6E5779008F7D78 /* ExampleCore */ = {
			isa = PBXFileSystemSynchronizedRootGroup;
			exceptions = (
				C6ED0E652D6E577A008F7D78 /* Exceptions for "ExampleCore" folder in "ExampleCore" target */,
			);
			path = ExampleCore;
			sourceTree = "<group>";
		};
/* End PBXFileSystemSynchronizedRootGroup section */

/* Begin PBXFrameworksBuildPhase section */
		C6ED0E502D6E5779008F7D78 /* Frameworks */ = {
			isa = PBXFrameworksBuildPhase;
			buildActionMask = 2147483647;
			files = (
				C6D83FAD2D6E6C98004222CA /* CoreFramework in Frameworks */,
			);
			runOnlyForDeploymentPostprocessing = 0;
		};
/* End PBXFrameworksBuildPhase section */

/* Begin PBXGroup section */
		C6D83F242D6E6998004222CA /* Frameworks */ = {
			isa = PBXGroup;
			children = (
				C6D83FAC2D6E6C98004222CA /* CoreFramework */,
				C6D83F722D6E6B3F004222CA /* CoreFramework */,
			);
			name = Frameworks;
			sourceTree = "<group>";
		};
		C6D83F582D6E6B3F004222CA /* Colors */ = {
			isa = PBXGroup;
			children = (
				C6D83F572D6E6B3F004222CA /* Colors.swift */,
			);
			path = Colors;
			sourceTree = "<group>";
		};
		C6D83F5A2D6E6B3F004222CA /* Metrics */ = {
			isa = PBXGroup;
			children = (
				C6D83F592D6E6B3F004222CA /* Metrics.swift */,
			);
			path = Metrics;
			sourceTree = "<group>";
		};
		C6D83F5C2D6E6B3F004222CA /* Text */ = {
			isa = PBXGroup;
			children = (
				C6D83F5B2D6E6B3F004222CA /* Text.swift */,
			);
			path = Text;
			sourceTree = "<group>";
		};
		C6D83F5D2D6E6B3F004222CA /* Constants */ = {
			isa = PBXGroup;
			children = (
				C6D83F582D6E6B3F004222CA /* Colors */,
				C6D83F5A2D6E6B3F004222CA /* Metrics */,
				C6D83F5C2D6E6B3F004222CA /* Text */,
			);
			path = Constants;
			sourceTree = "<group>";
		};
		C6D83F5F2D6E6B3F004222CA /* Onboarding */ = {
			isa = PBXGroup;
			children = (
				C6D83F5E2D6E6B3F004222CA /* OnboardingView.swift */,
			);
			path = Onboarding;
			sourceTree = "<group>";
		};
		C6D83F602D6E6B3F004222CA /* Sources */ = {
			isa = PBXGroup;
			children = (
				C6D83F5D2D6E6B3F004222CA /* Constants */,
				C6D83F5F2D6E6B3F004222CA /* Onboarding */,
			);
			path = Sources;
			sourceTree = "<group>";
		};
		C6D83F632D6E6B3F004222CA /* CoreFramework */ = {
			isa = PBXGroup;
			children = (
				C6D83F602D6E6B3F004222CA /* Sources */,
				C6D83F612D6E6B3F004222CA /* CoreFramework.h */,
				C6D83F622D6E6B3F004222CA /* CoreFramework.docc */,
			);
			path = CoreFramework;
			sourceTree = "<group>";
		};
		C6D83F6D2D6E6B3F004222CA /* Example */ = {
			isa = PBXGroup;
			children = (
				C6D83F642D6E6B3F004222CA /* AppDelegate.swift */,
				C6D83F652D6E6B3F004222CA /* Assets.xcassets */,
				C6D83F662D6E6B3F004222CA /* Info.plist */,
				C6D83F682D6E6B3F004222CA /* LaunchScreen.storyboard */,
				C6D83F6A2D6E6B3F004222CA /* Main.storyboard */,
				C6D83F6B2D6E6B3F004222CA /* SceneDelegate.swift */,
				C6D83F6C2D6E6B3F004222CA /* ViewController.swift */,
			);
			path = Example;
			sourceTree = "<group>";
		};
		C6D83F722D6E6B3F004222CA /* CoreFramework */ = {
			isa = PBXGroup;
			children = (
				C6D83F632D6E6B3F004222CA /* CoreFramework */,
				C6D83F6D2D6E6B3F004222CA /* Example */,
				C6D83F6E2D6E6B3F004222CA /* CoreFramework.podspec */,
				C6D83F6F2D6E6B3F004222CA /* CoreFramework.xcodeproj */,
				C6D83F702D6E6B3F004222CA /* LICENSE */,
				C6D83F712D6E6B3F004222CA /* Podfile */,
			);
			path = CoreFramework;
			sourceTree = "<group>";
		};
		C6D83F732D6E6B3F004222CA /* Products */ = {
			isa = PBXGroup;
			children = (
			);
			name = Products;
			sourceTree = "<group>";
		};
		C6ED0E4A2D6E5779008F7D78 = {
			isa = PBXGroup;
			children = (
				C6ED0E552D6E5779008F7D78 /* ExampleCore */,
				C6D83F242D6E6998004222CA /* Frameworks */,
				C6ED0E542D6E5779008F7D78 /* Products */,
			);
			sourceTree = "<group>";
		};
		C6ED0E542D6E5779008F7D78 /* Products */ = {
			isa = PBXGroup;
			children = (
				C6ED0E532D6E5779008F7D78 /* ExampleCore.app */,
			);
			name = Products;
			sourceTree = "<group>";
		};
/* End PBXGroup section */

/* Begin PBXNativeTarget section */
		C6ED0E522D6E5779008F7D78 /* ExampleCore */ = {
			isa = PBXNativeTarget;
			buildConfigurationList = C6ED0E662D6E577A008F7D78 /* Build configuration list for PBXNativeTarget "ExampleCore" */;
			buildPhases = (
				C6ED0E4F2D6E5779008F7D78 /* Sources */,
				C6ED0E502D6E5779008F7D78 /* Frameworks */,
				C6ED0E512D6E5779008F7D78 /* Resources */,
				C6D83EA72D6E678D004222CA /* Embed Frameworks */,
			);
			buildRules = (
			);
			dependencies = (
			);
			fileSystemSynchronizedGroups = (
				C6ED0E552D6E5779008F7D78 /* ExampleCore */,
			);
			name = ExampleCore;
			packageProductDependencies = (
			);
			productName = ExampleCore;
			productReference = C6ED0E532D6E5779008F7D78 /* ExampleCore.app */;
			productType = "com.apple.product-type.application";
		};
/* End PBXNativeTarget section */

/* Begin PBXProject section */
		C6ED0E4B2D6E5779008F7D78 /* Project object */ = {
			isa = PBXProject;
			attributes = {
				BuildIndependentTargetsInParallel = 1;
				LastSwiftUpdateCheck = 1620;
				LastUpgradeCheck = 1620;
				TargetAttributes = {
					C6ED0E522D6E5779008F7D78 = {
						CreatedOnToolsVersion = 16.2;
					};
				};
			};
			buildConfigurationList = C6ED0E4E2D6E5779008F7D78 /* Build configuration list for PBXProject "ExampleCore" */;
			developmentRegion = en;
			hasScannedForEncodings = 0;
			knownRegions = (
				en,
				Base,
			);
			mainGroup = C6ED0E4A2D6E5779008F7D78;
			minimizedProjectReferenceProxies = 1;
			preferredProjectObjectVersion = 77;
			productRefGroup = C6ED0E542D6E5779008F7D78 /* Products */;
			projectDirPath = "";
			projectReferences = (
				{
					ProductGroup = C6D83F732D6E6B3F004222CA /* Products */;
					ProjectRef = C6D83F6F2D6E6B3F004222CA /* CoreFramework.xcodeproj */;
				},
			);
			projectRoot = "";
			targets = (
				C6ED0E522D6E5779008F7D78 /* ExampleCore */,
			);
		};
/* End PBXProject section */

/* Begin PBXResourcesBuildPhase section */
		C6ED0E512D6E5779008F7D78 /* Resources */ = {
			isa = PBXResourcesBuildPhase;
			buildActionMask = 2147483647;
			files = (
				C6D83F752D6E6B3F004222CA /* LaunchScreen.storyboard in Resources */,
				C6D83F772D6E6B3F004222CA /* LICENSE in Resources */,
				C6D83F782D6E6B3F004222CA /* Main.storyboard in Resources */,
				C6D83F792D6E6B3F004222CA /* Podfile in Resources */,
				C6D83F7B2D6E6B3F004222CA /* CoreFramework.podspec in Resources */,
			);
			runOnlyForDeploymentPostprocessing = 0;
		};
/* End PBXResourcesBuildPhase section */

/* Begin PBXSourcesBuildPhase section */
		C6ED0E4F2D6E5779008F7D78 /* Sources */ = {
			isa = PBXSourcesBuildPhase;
			buildActionMask = 2147483647;
			files = (
				C6D83F7D2D6E6B3F004222CA /* Colors.swift in Sources */,
				C6D83F7E2D6E6B3F004222CA /* Text.swift in Sources */,
				C6D83F802D6E6B3F004222CA /* ViewController.swift in Sources */,
				C6D83F812D6E6B3F004222CA /* OnboardingView.swift in Sources */,
				C6D83F822D6E6B3F004222CA /* Metrics.swift in Sources */,
				C6D83F832D6E6B3F004222CA /* CoreFramework.docc in Sources */,
			);
			runOnlyForDeploymentPostprocessing = 0;
		};
/* End PBXSourcesBuildPhase section */

/* Begin PBXVariantGroup section */
		C6D83F682D6E6B3F004222CA /* LaunchScreen.storyboard */ = {
			isa = PBXVariantGroup;
			children = (
				C6D83F672D6E6B3F004222CA /* Base */,
			);
			name = LaunchScreen.storyboard;
			sourceTree = "<group>";
		};
		C6D83F6A2D6E6B3F004222CA /* Main.storyboard */ = {
			isa = PBXVariantGroup;
			children = (
				C6D83F692D6E6B3F004222CA /* Base */,
			);
			name = Main.storyboard;
			sourceTree = "<group>";
		};
/* End PBXVariantGroup section */

/* Begin XCBuildConfiguration section */
		C6ED0E672D6E577A008F7D78 /* Debug */ = {
			isa = XCBuildConfiguration;
			buildSettings = {
				ASSETCATALOG_COMPILER_APPICON_NAME = AppIcon;
				ASSETCATALOG_COMPILER_GLOBAL_ACCENT_COLOR_NAME = AccentColor;
				CODE_SIGN_STYLE = Automatic;
				CURRENT_PROJECT_VERSION = 1;
				DEVELOPMENT_TEAM = AVJYPRL2JA;
				GENERATE_INFOPLIST_FILE = YES;
				INFOPLIST_FILE = ExampleCore/Info.plist;
				INFOPLIST_KEY_UIApplicationSupportsIndirectInputEvents = YES;
				INFOPLIST_KEY_UILaunchStoryboardName = LaunchScreen;
				INFOPLIST_KEY_UISupportedInterfaceOrientations_iPad = "UIInterfaceOrientationPortrait UIInterfaceOrientationPortraitUpsideDown UIInterfaceOrientationLandscapeLeft UIInterfaceOrientationLandscapeRight";
				INFOPLIST_KEY_UISupportedInterfaceOrientations_iPhone = "UIInterfaceOrientationPortrait UIInterfaceOrientationLandscapeLeft UIInterfaceOrientationLandscapeRight";
				LD_RUNPATH_SEARCH_PATHS = (
					"$(inherited)",
					"@executable_path/Frameworks",
				);
				MARKETING_VERSION = 1.0;
				PRODUCT_BUNDLE_IDENTIFIER = arthurrios.ExampleCore;
				PRODUCT_NAME = "$(TARGET_NAME)";
				SWIFT_EMIT_LOC_STRINGS = YES;
				SWIFT_VERSION = 5.0;
				TARGETED_DEVICE_FAMILY = "1,2";
			};
			name = Debug;
		};
		C6ED0E682D6E577A008F7D78 /* Release */ = {
			isa = XCBuildConfiguration;
			buildSettings = {
				ASSETCATALOG_COMPILER_APPICON_NAME = AppIcon;
				ASSETCATALOG_COMPILER_GLOBAL_ACCENT_COLOR_NAME = AccentColor;
				CODE_SIGN_STYLE = Automatic;
				CURRENT_PROJECT_VERSION = 1;
				DEVELOPMENT_TEAM = AVJYPRL2JA;
				GENERATE_INFOPLIST_FILE = YES;
				INFOPLIST_FILE = ExampleCore/Info.plist;
				INFOPLIST_KEY_UIApplicationSupportsIndirectInputEvents = YES;
				INFOPLIST_KEY_UILaunchStoryboardName = LaunchScreen;
				INFOPLIST_KEY_UISupportedInterfaceOrientations_iPad = "UIInterfaceOrientationPortrait UIInterfaceOrientationPortraitUpsideDown UIInterfaceOrientationLandscapeLeft UIInterfaceOrientationLandscapeRight";
				INFOPLIST_KEY_UISupportedInterfaceOrientations_iPhone = "UIInterfaceOrientationPortrait UIInterfaceOrientationLandscapeLeft UIInterfaceOrientationLandscapeRight";
				LD_RUNPATH_SEARCH_PATHS = (
					"$(inherited)",
					"@executable_path/Frameworks",
				);
				MARKETING_VERSION = 1.0;
				PRODUCT_BUNDLE_IDENTIFIER = arthurrios.ExampleCore;
				PRODUCT_NAME = "$(TARGET_NAME)";
				SWIFT_EMIT_LOC_STRINGS = YES;
				SWIFT_VERSION = 5.0;
				TARGETED_DEVICE_FAMILY = "1,2";
			};
			name = Release;
		};
		C6ED0E692D6E577A008F7D78 /* Debug */ = {
			isa = XCBuildConfiguration;
			buildSettings = {
				ALWAYS_SEARCH_USER_PATHS = NO;
				ASSETCATALOG_COMPILER_GENERATE_SWIFT_ASSET_SYMBOL_EXTENSIONS = YES;
				CLANG_ANALYZER_NONNULL = YES;
				CLANG_ANALYZER_NUMBER_OBJECT_CONVERSION = YES_AGGRESSIVE;
				CLANG_CXX_LANGUAGE_STANDARD = "gnu++20";
				CLANG_ENABLE_MODULES = YES;
				CLANG_ENABLE_OBJC_ARC = YES;
				CLANG_ENABLE_OBJC_WEAK = YES;
				CLANG_WARN_BLOCK_CAPTURE_AUTORELEASING = YES;
				CLANG_WARN_BOOL_CONVERSION = YES;
				CLANG_WARN_COMMA = YES;
				CLANG_WARN_CONSTANT_CONVERSION = YES;
				CLANG_WARN_DEPRECATED_OBJC_IMPLEMENTATIONS = YES;
				CLANG_WARN_DIRECT_OBJC_ISA_USAGE = YES_ERROR;
				CLANG_WARN_DOCUMENTATION_COMMENTS = YES;
				CLANG_WARN_EMPTY_BODY = YES;
				CLANG_WARN_ENUM_CONVERSION = YES;
				CLANG_WARN_INFINITE_RECURSION = YES;
				CLANG_WARN_INT_CONVERSION = YES;
				CLANG_WARN_NON_LITERAL_NULL_CONVERSION = YES;
				CLANG_WARN_OBJC_IMPLICIT_RETAIN_SELF = YES;
				CLANG_WARN_OBJC_LITERAL_CONVERSION = YES;
				CLANG_WARN_OBJC_ROOT_CLASS = YES_ERROR;
				CLANG_WARN_QUOTED_INCLUDE_IN_FRAMEWORK_HEADER = YES;
				CLANG_WARN_RANGE_LOOP_ANALYSIS = YES;
				CLANG_WARN_STRICT_PROTOTYPES = YES;
				CLANG_WARN_SUSPICIOUS_MOVE = YES;
				CLANG_WARN_UNGUARDED_AVAILABILITY = YES_AGGRESSIVE;
				CLANG_WARN_UNREACHABLE_CODE = YES;
				CLANG_WARN__DUPLICATE_METHOD_MATCH = YES;
				COPY_PHASE_STRIP = NO;
				DEBUG_INFORMATION_FORMAT = dwarf;
				ENABLE_STRICT_OBJC_MSGSEND = YES;
				ENABLE_TESTABILITY = YES;
				ENABLE_USER_SCRIPT_SANDBOXING = YES;
				GCC_C_LANGUAGE_STANDARD = gnu17;
				GCC_DYNAMIC_NO_PIC = NO;
				GCC_NO_COMMON_BLOCKS = YES;
				GCC_OPTIMIZATION_LEVEL = 0;
				GCC_PREPROCESSOR_DEFINITIONS = (
					"DEBUG=1",
					"$(inherited)",
				);
				GCC_WARN_64_TO_32_BIT_CONVERSION = YES;
				GCC_WARN_ABOUT_RETURN_TYPE = YES_ERROR;
				GCC_WARN_UNDECLARED_SELECTOR = YES;
				GCC_WARN_UNINITIALIZED_AUTOS = YES_AGGRESSIVE;
				GCC_WARN_UNUSED_FUNCTION = YES;
				GCC_WARN_UNUSED_VARIABLE = YES;
				IPHONEOS_DEPLOYMENT_TARGET = 18.2;
				LOCALIZATION_PREFERS_STRING_CATALOGS = YES;
				MTL_ENABLE_DEBUG_INFO = INCLUDE_SOURCE;
				MTL_FAST_MATH = YES;
				ONLY_ACTIVE_ARCH = YES;
				SDKROOT = iphoneos;
				SWIFT_ACTIVE_COMPILATION_CONDITIONS = "DEBUG $(inherited)";
				SWIFT_OPTIMIZATION_LEVEL = "-Onone";
			};
			name = Debug;
		};
		C6ED0E6A2D6E577A008F7D78 /* Release */ = {
			isa = XCBuildConfiguration;
			buildSettings = {
				ALWAYS_SEARCH_USER_PATHS = NO;
				ASSETCATALOG_COMPILER_GENERATE_SWIFT_ASSET_SYMBOL_EXTENSIONS = YES;
				CLANG_ANALYZER_NONNULL = YES;
				CLANG_ANALYZER_NUMBER_OBJECT_CONVERSION = YES_AGGRESSIVE;
				CLANG_CXX_LANGUAGE_STANDARD = "gnu++20";
				CLANG_ENABLE_MODULES = YES;
				CLANG_ENABLE_OBJC_ARC = YES;
				CLANG_ENABLE_OBJC_WEAK = YES;
				CLANG_WARN_BLOCK_CAPTURE_AUTORELEASING = YES;
				CLANG_WARN_BOOL_CONVERSION = YES;
				CLANG_WARN_COMMA = YES;
				CLANG_WARN_CONSTANT_CONVERSION = YES;
				CLANG_WARN_DEPRECATED_OBJC_IMPLEMENTATIONS = YES;
				CLANG_WARN_DIRECT_OBJC_ISA_USAGE = YES_ERROR;
				CLANG_WARN_DOCUMENTATION_COMMENTS = YES;
				CLANG_WARN_EMPTY_BODY = YES;
				CLANG_WARN_ENUM_CONVERSION = YES;
				CLANG_WARN_INFINITE_RECURSION = YES;
				CLANG_WARN_INT_CONVERSION = YES;
				CLANG_WARN_NON_LITERAL_NULL_CONVERSION = YES;
				CLANG_WARN_OBJC_IMPLICIT_RETAIN_SELF = YES;
				CLANG_WARN_OBJC_LITERAL_CONVERSION = YES;
				CLANG_WARN_OBJC_ROOT_CLASS = YES_ERROR;
				CLANG_WARN_QUOTED_INCLUDE_IN_FRAMEWORK_HEADER = YES;
				CLANG_WARN_RANGE_LOOP_ANALYSIS = YES;
				CLANG_WARN_STRICT_PROTOTYPES = YES;
				CLANG_WARN_SUSPICIOUS_MOVE = YES;
				CLANG_WARN_UNGUARDED_AVAILABILITY = YES_AGGRESSIVE;
				CLANG_WARN_UNREACHABLE_CODE = YES;
				CLANG_WARN__DUPLICATE_METHOD_MATCH = YES;
				COPY_PHASE_STRIP = NO;
				DEBUG_INFORMATION_FORMAT = "dwarf-with-dsym";
				ENABLE_NS_ASSERTIONS = NO;
				ENABLE_STRICT_OBJC_MSGSEND = YES;
				ENABLE_USER_SCRIPT_SANDBOXING = YES;
				GCC_C_LANGUAGE_STANDARD = gnu17;
				GCC_NO_COMMON_BLOCKS = YES;
				GCC_WARN_64_TO_32_BIT_CONVERSION = YES;
				GCC_WARN_ABOUT_RETURN_TYPE = YES_ERROR;
				GCC_WARN_UNDECLARED_SELECTOR = YES;
				GCC_WARN_UNINITIALIZED_AUTOS = YES_AGGRESSIVE;
				GCC_WARN_UNUSED_FUNCTION = YES;
				GCC_WARN_UNUSED_VARIABLE = YES;
				IPHONEOS_DEPLOYMENT_TARGET = 18.2;
				LOCALIZATION_PREFERS_STRING_CATALOGS = YES;
				MTL_ENABLE_DEBUG_INFO = NO;
				MTL_FAST_MATH = YES;
				SDKROOT = iphoneos;
				SWIFT_COMPILATION_MODE = wholemodule;
				VALIDATE_PRODUCT = YES;
			};
			name = Release;
		};
/* End XCBuildConfiguration section */

/* Begin XCConfigurationList section */
		C6ED0E4E2D6E5779008F7D78 /* Build configuration list for PBXProject "ExampleCore" */ = {
			isa = XCConfigurationList;
			buildConfigurations = (
				C6ED0E692D6E577A008F7D78 /* Debug */,
				C6ED0E6A2D6E577A008F7D78 /* Release */,
			);
			defaultConfigurationIsVisible = 0;
			defaultConfigurationName = Release;
		};
		C6ED0E662D6E577A008F7D78 /* Build configuration list for PBXNativeTarget "ExampleCore" */ = {
			isa = XCConfigurationList;
			buildConfigurations = (
				C6ED0E672D6E577A008F7D78 /* Debug */,
				C6ED0E682D6E577A008F7D78 /* Release */,
			);
			defaultConfigurationIsVisible = 0;
			defaultConfigurationName = Release;
		};
/* End XCConfigurationList section */
	};
	rootObject = C6ED0E4B2D6E5779008F7D78 /* Project object */;
}
